
Microsoft Visual Studio Solution File, Format Version 12.00
# Visual Studio Version 16
VisualStudioVersion = 16.0.32901.82
MinimumVisualStudioVersion = 10.0.40219.1
Project("{FAE04EC0-301F-11D3-BF4B-00C04F79EFBC}") = "WebApplication2", "WebApplication2.csproj", "{AF766EE6-70E8-4C16-B708-7CB37F0C313D}"
EndProject
Global
	GlobalSection(SolutionConfigurationPlatforms) = preSolution
		Debug|Any CPU = Debug|Any CPU
		Release|Any CPU = Release|Any CPU
	EndGlobalSection
	GlobalSection(ProjectConfigurationPlatforms) = postSolution
		{AF766EE6-70E8-4C16-B708-7CB37F0C313D}.Debug|Any CPU.ActiveCfg = Debug|Any CPU
		{AF766EE6-70E8-4C16-B708-7CB37F0C313D}.Debug|Any CPU.Build.0 = Debug|Any CPU
		{AF766EE6-70E8-4C16-B708-7CB37F0C313D}.Release|Any CPU.ActiveCfg = Release|Any CPU
		{AF766EE6-70E8-4C16-B708-7CB37F0C313D}.Release|Any CPU.Build.0 = Release|Any CPU
	EndGlobalSection
	GlobalSection(SolutionProperties) = preSolution
		HideSolutionNode = FALSE
	EndGlobalSection
	GlobalSection(ExtensibilityGlobals) = postSolution
		SolutionGuid = {ED7E7664-210C-4C0C-ADA2-142241C537C8}
	EndGlobalSection
EndGlobal
